PODS:
  - Flutter (1.0.0)
  - mpesa_flutter_plugin (0.0.1):
    - Flutter

DEPENDENCIES:
  - Flutter (from `.symlinks/flutter/ios`)
  - mpesa_flutter_plugin (from `.symlinks/plugins/mpesa_flutter_plugin/ios`)

EXTERNAL SOURCES:
  Flutter:
    :path: ".symlinks/flutter/ios"
  mpesa_flutter_plugin:
    :path: ".symlinks/plugins/mpesa_flutter_plugin/ios"

SPEC CHECKSUMS:
  Flutter: 58dd7d1b27887414a370fcccb9e645c08ffd7a6a
  mpesa_flutter_plugin: 6a770b7f5129a3da6b6d9ac6def5a479bd1b8818

PODFILE CHECKSUM: aff02bfeed411c636180d6812254b2daeea14d09

COCOAPODS: 1.6.1
